
Microsoft Visual Studio Solution File, Format Version 12.00
# Visual Studio 15
Project("{FAE04EC0-301F-11D3-BF4B-00C04F79EFBC}") = "Assembly-CSharp", "Assembly-CSharp.csproj", "{2C2F43E4-D800-F4D5-EEA5-51298C53AD34}"
EndProject
Project("{FAE04EC0-301F-11D3-BF4B-00C04F79EFBC}") = "SteamVR", "SteamVR.csproj", "{AE6B7E33-B69C-892D-5F40-16A88243F492}"
EndProject
Project("{FAE04EC0-301F-11D3-BF4B-00C04F79EFBC}") = "SteamVR_Input_Editor", "SteamVR_Input_Editor.csproj", "{CF0D2C7B-8CDA-7C86-3A3D-8A4E77D69EAD}"
EndProject
Project("{FAE04EC0-301F-11D3-BF4B-00C04F79EFBC}") = "SteamVR_Actions", "SteamVR_Actions.csproj", "{CA95DD89-EA8E-B530-7716-DCDA141EDB56}"
EndProject
Project("{FAE04EC0-301F-11D3-BF4B-00C04F79EFBC}") = "SteamVR_Editor", "SteamVR_Editor.csproj", "{74C5E98B-DFD1-EE4D-0B7F-8A3F150C874A}"
EndProject
Project("{FAE04EC0-301F-11D3-BF4B-00C04F79EFBC}") = "Unity.XR.Interaction.Toolkit.Samples.StarterAssets", "Unity.XR.Interaction.Toolkit.Samples.StarterAssets.csproj", "{6BCA597B-5D07-0C18-7AB0-45007B141822}"
EndProject
Project("{FAE04EC0-301F-11D3-BF4B-00C04F79EFBC}") = "SteamVR_Windows_EditorHelper", "SteamVR_Windows_EditorHelper.csproj", "{DD07DC15-7E87-56E6-4609-E135E4B22C21}"
EndProject
Project("{FAE04EC0-301F-11D3-BF4B-00C04F79EFBC}") = "Unity.XR.Interaction.Toolkit.Samples.StarterAssets.Editor", "Unity.XR.Interaction.Toolkit.Samples.StarterAssets.Editor.csproj", "{353BC998-87F9-0B06-CEC0-45915407B748}"
EndProject
Global
	GlobalSection(SolutionConfigurationPlatforms) = preSolution
		Debug|Any CPU = Debug|Any CPU
		Release|Any CPU = Release|Any CPU
	EndGlobalSection
	GlobalSection(ProjectConfigurationPlatforms) = postSolution
		{2C2F43E4-D800-F4D5-EEA5-51298C53AD34}.Debug|Any CPU.ActiveCfg = Debug|Any CPU
		{2C2F43E4-D800-F4D5-EEA5-51298C53AD34}.Debug|Any CPU.Build.0 = Debug|Any CPU
		{2C2F43E4-D800-F4D5-EEA5-51298C53AD34}.Release|Any CPU.ActiveCfg = Release|Any CPU
		{2C2F43E4-D800-F4D5-EEA5-51298C53AD34}.Release|Any CPU.Build.0 = Release|Any CPU
		{AE6B7E33-B69C-892D-5F40-16A88243F492}.Debug|Any CPU.ActiveCfg = Debug|Any CPU
		{AE6B7E33-B69C-892D-5F40-16A88243F492}.Debug|Any CPU.Build.0 = Debug|Any CPU
		{AE6B7E33-B69C-892D-5F40-16A88243F492}.Release|Any CPU.ActiveCfg = Release|Any CPU
		{AE6B7E33-B69C-892D-5F40-16A88243F492}.Release|Any CPU.Build.0 = Release|Any CPU
		{CF0D2C7B-8CDA-7C86-3A3D-8A4E77D69EAD}.Debug|Any CPU.ActiveCfg = Debug|Any CPU
		{CF0D2C7B-8CDA-7C86-3A3D-8A4E77D69EAD}.Debug|Any CPU.Build.0 = Debug|Any CPU
		{CF0D2C7B-8CDA-7C86-3A3D-8A4E77D69EAD}.Release|Any CPU.ActiveCfg = Release|Any CPU
		{CF0D2C7B-8CDA-7C86-3A3D-8A4E77D69EAD}.Release|Any CPU.Build.0 = Release|Any CPU
		{CA95DD89-EA8E-B530-7716-DCDA141EDB56}.Debug|Any CPU.ActiveCfg = Debug|Any CPU
		{CA95DD89-EA8E-B530-7716-DCDA141EDB56}.Debug|Any CPU.Build.0 = Debug|Any CPU
		{CA95DD89-EA8E-B530-7716-DCDA141EDB56}.Release|Any CPU.ActiveCfg = Release|Any CPU
		{CA95DD89-EA8E-B530-7716-DCDA141EDB56}.Release|Any CPU.Build.0 = Release|Any CPU
		{74C5E98B-DFD1-EE4D-0B7F-8A3F150C874A}.Debug|Any CPU.ActiveCfg = Debug|Any CPU
		{74C5E98B-DFD1-EE4D-0B7F-8A3F150C874A}.Debug|Any CPU.Build.0 = Debug|Any CPU
		{74C5E98B-DFD1-EE4D-0B7F-8A3F150C874A}.Release|Any CPU.ActiveCfg = Release|Any CPU
		{74C5E98B-DFD1-EE4D-0B7F-8A3F150C874A}.Release|Any CPU.Build.0 = Release|Any CPU
		{6BCA597B-5D07-0C18-7AB0-45007B141822}.Debug|Any CPU.ActiveCfg = Debug|Any CPU
		{6BCA597B-5D07-0C18-7AB0-45007B141822}.Debug|Any CPU.Build.0 = Debug|Any CPU
		{6BCA597B-5D07-0C18-7AB0-45007B141822}.Release|Any CPU.ActiveCfg = Release|Any CPU
		{6BCA597B-5D07-0C18-7AB0-45007B141822}.Release|Any CPU.Build.0 = Release|Any CPU
		{DD07DC15-7E87-56E6-4609-E135E4B22C21}.Debug|Any CPU.ActiveCfg = Debug|Any CPU
		{DD07DC15-7E87-56E6-4609-E135E4B22C21}.Debug|Any CPU.Build.0 = Debug|Any CPU
		{DD07DC15-7E87-56E6-4609-E135E4B22C21}.Release|Any CPU.ActiveCfg = Release|Any CPU
		{DD07DC15-7E87-56E6-4609-E135E4B22C21}.Release|Any CPU.Build.0 = Release|Any CPU
		{353BC998-87F9-0B06-CEC0-45915407B748}.Debug|Any CPU.ActiveCfg = Debug|Any CPU
		{353BC998-87F9-0B06-CEC0-45915407B748}.Debug|Any CPU.Build.0 = Debug|Any CPU
		{353BC998-87F9-0B06-CEC0-45915407B748}.Release|Any CPU.ActiveCfg = Release|Any CPU
		{353BC998-87F9-0B06-CEC0-45915407B748}.Release|Any CPU.Build.0 = Release|Any CPU
	EndGlobalSection
	GlobalSection(SolutionProperties) = preSolution
		HideSolutionNode = FALSE
	EndGlobalSection
EndGlobal
